
Microsoft Visual Studio Solution File, Format Version 12.00
# Visual Studio Version 17
VisualStudioVersion = 17.1.32210.238
MinimumVisualStudioVersion = 10.0.40219.1
Project("{9A19103F-16F7-4668-BE54-9A1E7A4F7556}") = "Server", "Server\Server.csproj", "{EA736606-3B66-4CA1-A26D-92719EDA69B0}"
EndProject
Global
	GlobalSection(SolutionConfigurationPlatforms) = preSolution
		Debug|Any CPU = Debug|Any CPU
		Release|Any CPU = Release|Any CPU
	EndGlobalSection
	GlobalSection(ProjectConfigurationPlatforms) = postSolution
		{EA736606-3B66-4CA1-A26D-92719EDA69B0}.Debug|Any CPU.ActiveCfg = Debug|Any CPU
		{EA736606-3B66-4CA1-A26D-92719EDA69B0}.Debug|Any CPU.Build.0 = Debug|Any CPU
		{EA736606-3B66-4CA1-A26D-92719EDA69B0}.Release|Any CPU.ActiveCfg = Release|Any CPU
		{EA736606-3B66-4CA1-A26D-92719EDA69B0}.Release|Any CPU.Build.0 = Release|Any CPU
	EndGlobalSection
	GlobalSection(SolutionProperties) = preSolution
		HideSolutionNode = FALSE
	EndGlobalSection
	GlobalSection(ExtensibilityGlobals) = postSolution
		SolutionGuid = {979ABFF1-7783-4554-91B4-EED9E9F3259B}
	EndGlobalSection
EndGlobal
